
Microsoft Visual Studio Solution File, Format Version 12.00
# Visual Studio 15
VisualStudioVersion = 15.0.26730.16
MinimumVisualStudioVersion = 10.0.40219.1
Project("{2150E333-8FDC-42A3-9474-1A3956D46DE8}") = "Engine", "Engine", "{FBF64BD4-16C2-48AD-9FA2-E3C3ABB70E26}"
EndProject
Project("{2150E333-8FDC-42A3-9474-1A3956D46DE8}") = "Games", "Games", "{80B0C143-2E7A-4964-A209-89650FA8A018}"
EndProject
Project("{8BC9CEB8-8B4A-11D0-8D11-00A0C91BC942}") = "UE4", "Intermediate\ProjectFiles\UE4.vcxproj", "{1797459B-4226-40CB-BB51-ACDF086EFB9A}"
EndProject
Project("{8BC9CEB8-8B4A-11D0-8D11-00A0C91BC942}") = "buildingEscape", "Intermediate\ProjectFiles\buildingEscape.vcxproj", "{198D8E4C-81DE-4DF1-A41A-429FB23935EC}"
EndProject
Global
	GlobalSection(SolutionConfigurationPlatforms) = preSolution
		DebugGame Editor|HTML5 = DebugGame Editor|HTML5
		DebugGame Editor|Win32 = DebugGame Editor|Win32
		DebugGame Editor|Win64 = DebugGame Editor|Win64
		DebugGame|HTML5 = DebugGame|HTML5
		DebugGame|Win32 = DebugGame|Win32
		DebugGame|Win64 = DebugGame|Win64
		Development Editor|HTML5 = Development Editor|HTML5
		Development Editor|Win32 = Development Editor|Win32
		Development Editor|Win64 = Development Editor|Win64
		Development|HTML5 = Development|HTML5
		Development|Win32 = Development|Win32
		Development|Win64 = Development|Win64
		Shipping|HTML5 = Shipping|HTML5
		Shipping|Win32 = Shipping|Win32
		Shipping|Win64 = Shipping|Win64
	EndGlobalSection
	GlobalSection(ProjectConfigurationPlatforms) = postSolution
		{1797459B-4226-40CB-BB51-ACDF086EFB9A}.DebugGame Editor|HTML5.ActiveCfg = BuiltWithUnrealBuildTool|Win32
		{1797459B-4226-40CB-BB51-ACDF086EFB9A}.DebugGame Editor|HTML5.Build.0 = BuiltWithUnrealBuildTool|Win32
		{1797459B-4226-40CB-BB51-ACDF086EFB9A}.DebugGame Editor|Win32.ActiveCfg = BuiltWithUnrealBuildTool|Win32
		{1797459B-4226-40CB-BB51-ACDF086EFB9A}.DebugGame Editor|Win32.Build.0 = BuiltWithUnrealBuildTool|Win32
		{1797459B-4226-40CB-BB51-ACDF086EFB9A}.DebugGame Editor|Win64.ActiveCfg = BuiltWithUnrealBuildTool|Win32
		{1797459B-4226-40CB-BB51-ACDF086EFB9A}.DebugGame Editor|Win64.Build.0 = BuiltWithUnrealBuildTool|Win32
		{1797459B-4226-40CB-BB51-ACDF086EFB9A}.DebugGame|HTML5.ActiveCfg = BuiltWithUnrealBuildTool|Win32
		{1797459B-4226-40CB-BB51-ACDF086EFB9A}.DebugGame|HTML5.Build.0 = BuiltWithUnrealBuildTool|Win32
		{1797459B-4226-40CB-BB51-ACDF086EFB9A}.DebugGame|Win32.ActiveCfg = BuiltWithUnrealBuildTool|Win32
		{1797459B-4226-40CB-BB51-ACDF086EFB9A}.DebugGame|Win32.Build.0 = BuiltWithUnrealBuildTool|Win32
		{1797459B-4226-40CB-BB51-ACDF086EFB9A}.DebugGame|Win64.ActiveCfg = BuiltWithUnrealBuildTool|Win32
		{1797459B-4226-40CB-BB51-ACDF086EFB9A}.DebugGame|Win64.Build.0 = BuiltWithUnrealBuildTool|Win32
		{1797459B-4226-40CB-BB51-ACDF086EFB9A}.Development Editor|HTML5.ActiveCfg = BuiltWithUnrealBuildTool|Win32
		{1797459B-4226-40CB-BB51-ACDF086EFB9A}.Development Editor|HTML5.Build.0 = BuiltWithUnrealBuildTool|Win32
		{1797459B-4226-40CB-BB51-ACDF086EFB9A}.Development Editor|Win32.ActiveCfg = BuiltWithUnrealBuildTool|Win32
		{1797459B-4226-40CB-BB51-ACDF086EFB9A}.Development Editor|Win32.Build.0 = BuiltWithUnrealBuildTool|Win32
		{1797459B-4226-40CB-BB51-ACDF086EFB9A}.Development Editor|Win64.ActiveCfg = BuiltWithUnrealBuildTool|Win32
		{1797459B-4226-40CB-BB51-ACDF086EFB9A}.Development Editor|Win64.Build.0 = BuiltWithUnrealBuildTool|Win32
		{1797459B-4226-40CB-BB51-ACDF086EFB9A}.Development|HTML5.ActiveCfg = BuiltWithUnrealBuildTool|Win32
		{1797459B-4226-40CB-BB51-ACDF086EFB9A}.Development|HTML5.Build.0 = BuiltWithUnrealBuildTool|Win32
		{1797459B-4226-40CB-BB51-ACDF086EFB9A}.Development|Win32.ActiveCfg = BuiltWithUnrealBuildTool|Win32
		{1797459B-4226-40CB-BB51-ACDF086EFB9A}.Development|Win32.Build.0 = BuiltWithUnrealBuildTool|Win32
		{1797459B-4226-40CB-BB51-ACDF086EFB9A}.Development|Win64.ActiveCfg = BuiltWithUnrealBuildTool|Win32
		{1797459B-4226-40CB-BB51-ACDF086EFB9A}.Development|Win64.Build.0 = BuiltWithUnrealBuildTool|Win32
		{1797459B-4226-40CB-BB51-ACDF086EFB9A}.Shipping|HTML5.ActiveCfg = BuiltWithUnrealBuildTool|Win32
		{1797459B-4226-40CB-BB51-ACDF086EFB9A}.Shipping|HTML5.Build.0 = BuiltWithUnrealBuildTool|Win32
		{1797459B-4226-40CB-BB51-ACDF086EFB9A}.Shipping|Win32.ActiveCfg = BuiltWithUnrealBuildTool|Win32
		{1797459B-4226-40CB-BB51-ACDF086EFB9A}.Shipping|Win32.Build.0 = BuiltWithUnrealBuildTool|Win32
		{1797459B-4226-40CB-BB51-ACDF086EFB9A}.Shipping|Win64.ActiveCfg = BuiltWithUnrealBuildTool|Win32
		{1797459B-4226-40CB-BB51-ACDF086EFB9A}.Shipping|Win64.Build.0 = BuiltWithUnrealBuildTool|Win32
		{198D8E4C-81DE-4DF1-A41A-429FB23935EC}.DebugGame Editor|HTML5.ActiveCfg = HTML5_DebugGame_Editor|Win32
		{198D8E4C-81DE-4DF1-A41A-429FB23935EC}.DebugGame Editor|Win32.ActiveCfg = DebugGame_Editor|Win32
		{198D8E4C-81DE-4DF1-A41A-429FB23935EC}.DebugGame Editor|Win64.ActiveCfg = DebugGame_Editor|x64
		{198D8E4C-81DE-4DF1-A41A-429FB23935EC}.DebugGame Editor|Win64.Build.0 = DebugGame_Editor|x64
		{198D8E4C-81DE-4DF1-A41A-429FB23935EC}.DebugGame|HTML5.ActiveCfg = HTML5_DebugGame_Game|Win32
		{198D8E4C-81DE-4DF1-A41A-429FB23935EC}.DebugGame|HTML5.Build.0 = HTML5_DebugGame_Game|Win32
		{198D8E4C-81DE-4DF1-A41A-429FB23935EC}.DebugGame|Win32.ActiveCfg = DebugGame_Game|Win32
		{198D8E4C-81DE-4DF1-A41A-429FB23935EC}.DebugGame|Win32.Build.0 = DebugGame_Game|Win32
		{198D8E4C-81DE-4DF1-A41A-429FB23935EC}.DebugGame|Win64.ActiveCfg = DebugGame_Game|x64
		{198D8E4C-81DE-4DF1-A41A-429FB23935EC}.DebugGame|Win64.Build.0 = DebugGame_Game|x64
		{198D8E4C-81DE-4DF1-A41A-429FB23935EC}.Development Editor|HTML5.ActiveCfg = HTML5_Development_Editor|Win32
		{198D8E4C-81DE-4DF1-A41A-429FB23935EC}.Development Editor|Win32.ActiveCfg = Development_Editor|Win32
		{198D8E4C-81DE-4DF1-A41A-429FB23935EC}.Development Editor|Win64.ActiveCfg = Development_Editor|x64
		{198D8E4C-81DE-4DF1-A41A-429FB23935EC}.Development Editor|Win64.Build.0 = Development_Editor|x64
		{198D8E4C-81DE-4DF1-A41A-429FB23935EC}.Development|HTML5.ActiveCfg = HTML5_Development_Game|Win32
		{198D8E4C-81DE-4DF1-A41A-429FB23935EC}.Development|HTML5.Build.0 = HTML5_Development_Game|Win32
		{198D8E4C-81DE-4DF1-A41A-429FB23935EC}.Development|Win32.ActiveCfg = Development_Game|Win32
		{198D8E4C-81DE-4DF1-A41A-429FB23935EC}.Development|Win32.Build.0 = Development_Game|Win32
		{198D8E4C-81DE-4DF1-A41A-429FB23935EC}.Development|Win64.ActiveCfg = Development_Game|x64
		{198D8E4C-81DE-4DF1-A41A-429FB23935EC}.Development|Win64.Build.0 = Development_Game|x64
		{198D8E4C-81DE-4DF1-A41A-429FB23935EC}.Shipping|HTML5.ActiveCfg = HTML5_Shipping_Game|Win32
		{198D8E4C-81DE-4DF1-A41A-429FB23935EC}.Shipping|HTML5.Build.0 = HTML5_Shipping_Game|Win32
		{198D8E4C-81DE-4DF1-A41A-429FB23935EC}.Shipping|Win32.ActiveCfg = Shipping_Game|Win32
		{198D8E4C-81DE-4DF1-A41A-429FB23935EC}.Shipping|Win32.Build.0 = Shipping_Game|Win32
		{198D8E4C-81DE-4DF1-A41A-429FB23935EC}.Shipping|Win64.ActiveCfg = Shipping_Game|x64
		{198D8E4C-81DE-4DF1-A41A-429FB23935EC}.Shipping|Win64.Build.0 = Shipping_Game|x64
	EndGlobalSection
	GlobalSection(SolutionProperties) = preSolution
		HideSolutionNode = FALSE
	EndGlobalSection
	GlobalSection(NestedProjects) = preSolution
		{1797459B-4226-40CB-BB51-ACDF086EFB9A} = {FBF64BD4-16C2-48AD-9FA2-E3C3ABB70E26}
		{198D8E4C-81DE-4DF1-A41A-429FB23935EC} = {80B0C143-2E7A-4964-A209-89650FA8A018}
	EndGlobalSection
	GlobalSection(ExtensibilityGlobals) = postSolution
		SolutionGuid = {2BEE202D-8752-472E-815A-5C051557C67E}
	EndGlobalSection
EndGlobal
