
Microsoft Visual Studio Solution File, Format Version 12.00
# Visual Studio 15
VisualStudioVersion = 15.0.25807.0
MinimumVisualStudioVersion = 10.0.40219.1
Project("{2150E333-8FDC-42A3-9474-1A3956D46DE8}") = "Engine", "Engine", "{AFB0942F-1845-4F5F-8AA0-D1A20D03C77E}"
EndProject
Project("{2150E333-8FDC-42A3-9474-1A3956D46DE8}") = "Games", "Games", "{35EAFEB3-9EB3-4FB4-81A9-305A5D9A8563}"
EndProject
Project("{8BC9CEB8-8B4A-11D0-8D11-00A0C91BC942}") = "UE4", "Intermediate\ProjectFiles\UE4.vcxproj", "{EA75FFB7-F3FF-4C93-8B27-F71CE72C21FC}"
EndProject
Project("{8BC9CEB8-8B4A-11D0-8D11-00A0C91BC942}") = "buildingEscape", "Intermediate\ProjectFiles\buildingEscape.vcxproj", "{F30453A9-A6A5-43AB-A1AF-DABC6B65F785}"
EndProject
Global
	GlobalSection(SolutionConfigurationPlatforms) = preSolution
		DebugGame Editor|HTML5 = DebugGame Editor|HTML5
		DebugGame Editor|Win32 = DebugGame Editor|Win32
		DebugGame Editor|Win64 = DebugGame Editor|Win64
		DebugGame|HTML5 = DebugGame|HTML5
		DebugGame|Win32 = DebugGame|Win32
		DebugGame|Win64 = DebugGame|Win64
		Development Editor|HTML5 = Development Editor|HTML5
		Development Editor|Win32 = Development Editor|Win32
		Development Editor|Win64 = Development Editor|Win64
		Development|HTML5 = Development|HTML5
		Development|Win32 = Development|Win32
		Development|Win64 = Development|Win64
		Shipping|HTML5 = Shipping|HTML5
		Shipping|Win32 = Shipping|Win32
		Shipping|Win64 = Shipping|Win64
	EndGlobalSection
	GlobalSection(ProjectConfigurationPlatforms) = postSolution
		{EA75FFB7-F3FF-4C93-8B27-F71CE72C21FC}.DebugGame Editor|HTML5.ActiveCfg = BuiltWithUnrealBuildTool|Win32
		{EA75FFB7-F3FF-4C93-8B27-F71CE72C21FC}.DebugGame Editor|HTML5.Build.0 = BuiltWithUnrealBuildTool|Win32
		{EA75FFB7-F3FF-4C93-8B27-F71CE72C21FC}.DebugGame Editor|Win32.ActiveCfg = BuiltWithUnrealBuildTool|Win32
		{EA75FFB7-F3FF-4C93-8B27-F71CE72C21FC}.DebugGame Editor|Win32.Build.0 = BuiltWithUnrealBuildTool|Win32
		{EA75FFB7-F3FF-4C93-8B27-F71CE72C21FC}.DebugGame Editor|Win64.ActiveCfg = BuiltWithUnrealBuildTool|Win32
		{EA75FFB7-F3FF-4C93-8B27-F71CE72C21FC}.DebugGame Editor|Win64.Build.0 = BuiltWithUnrealBuildTool|Win32
		{EA75FFB7-F3FF-4C93-8B27-F71CE72C21FC}.DebugGame|HTML5.ActiveCfg = BuiltWithUnrealBuildTool|Win32
		{EA75FFB7-F3FF-4C93-8B27-F71CE72C21FC}.DebugGame|HTML5.Build.0 = BuiltWithUnrealBuildTool|Win32
		{EA75FFB7-F3FF-4C93-8B27-F71CE72C21FC}.DebugGame|Win32.ActiveCfg = BuiltWithUnrealBuildTool|Win32
		{EA75FFB7-F3FF-4C93-8B27-F71CE72C21FC}.DebugGame|Win32.Build.0 = BuiltWithUnrealBuildTool|Win32
		{EA75FFB7-F3FF-4C93-8B27-F71CE72C21FC}.DebugGame|Win64.ActiveCfg = BuiltWithUnrealBuildTool|Win32
		{EA75FFB7-F3FF-4C93-8B27-F71CE72C21FC}.DebugGame|Win64.Build.0 = BuiltWithUnrealBuildTool|Win32
		{EA75FFB7-F3FF-4C93-8B27-F71CE72C21FC}.Development Editor|HTML5.ActiveCfg = BuiltWithUnrealBuildTool|Win32
		{EA75FFB7-F3FF-4C93-8B27-F71CE72C21FC}.Development Editor|HTML5.Build.0 = BuiltWithUnrealBuildTool|Win32
		{EA75FFB7-F3FF-4C93-8B27-F71CE72C21FC}.Development Editor|Win32.ActiveCfg = BuiltWithUnrealBuildTool|Win32
		{EA75FFB7-F3FF-4C93-8B27-F71CE72C21FC}.Development Editor|Win32.Build.0 = BuiltWithUnrealBuildTool|Win32
		{EA75FFB7-F3FF-4C93-8B27-F71CE72C21FC}.Development Editor|Win64.ActiveCfg = BuiltWithUnrealBuildTool|Win32
		{EA75FFB7-F3FF-4C93-8B27-F71CE72C21FC}.Development Editor|Win64.Build.0 = BuiltWithUnrealBuildTool|Win32
		{EA75FFB7-F3FF-4C93-8B27-F71CE72C21FC}.Development|HTML5.ActiveCfg = BuiltWithUnrealBuildTool|Win32
		{EA75FFB7-F3FF-4C93-8B27-F71CE72C21FC}.Development|HTML5.Build.0 = BuiltWithUnrealBuildTool|Win32
		{EA75FFB7-F3FF-4C93-8B27-F71CE72C21FC}.Development|Win32.ActiveCfg = BuiltWithUnrealBuildTool|Win32
		{EA75FFB7-F3FF-4C93-8B27-F71CE72C21FC}.Development|Win32.Build.0 = BuiltWithUnrealBuildTool|Win32
		{EA75FFB7-F3FF-4C93-8B27-F71CE72C21FC}.Development|Win64.ActiveCfg = BuiltWithUnrealBuildTool|Win32
		{EA75FFB7-F3FF-4C93-8B27-F71CE72C21FC}.Development|Win64.Build.0 = BuiltWithUnrealBuildTool|Win32
		{EA75FFB7-F3FF-4C93-8B27-F71CE72C21FC}.Shipping|HTML5.ActiveCfg = BuiltWithUnrealBuildTool|Win32
		{EA75FFB7-F3FF-4C93-8B27-F71CE72C21FC}.Shipping|HTML5.Build.0 = BuiltWithUnrealBuildTool|Win32
		{EA75FFB7-F3FF-4C93-8B27-F71CE72C21FC}.Shipping|Win32.ActiveCfg = BuiltWithUnrealBuildTool|Win32
		{EA75FFB7-F3FF-4C93-8B27-F71CE72C21FC}.Shipping|Win32.Build.0 = BuiltWithUnrealBuildTool|Win32
		{EA75FFB7-F3FF-4C93-8B27-F71CE72C21FC}.Shipping|Win64.ActiveCfg = BuiltWithUnrealBuildTool|Win32
		{EA75FFB7-F3FF-4C93-8B27-F71CE72C21FC}.Shipping|Win64.Build.0 = BuiltWithUnrealBuildTool|Win32
		{F30453A9-A6A5-43AB-A1AF-DABC6B65F785}.DebugGame Editor|HTML5.ActiveCfg = HTML5_DebugGame_Editor|Win32
		{F30453A9-A6A5-43AB-A1AF-DABC6B65F785}.DebugGame Editor|Win32.ActiveCfg = DebugGame_Editor|Win32
		{F30453A9-A6A5-43AB-A1AF-DABC6B65F785}.DebugGame Editor|Win64.ActiveCfg = DebugGame_Editor|x64
		{F30453A9-A6A5-43AB-A1AF-DABC6B65F785}.DebugGame Editor|Win64.Build.0 = DebugGame_Editor|x64
		{F30453A9-A6A5-43AB-A1AF-DABC6B65F785}.DebugGame|HTML5.ActiveCfg = HTML5_DebugGame_Game|Win32
		{F30453A9-A6A5-43AB-A1AF-DABC6B65F785}.DebugGame|HTML5.Build.0 = HTML5_DebugGame_Game|Win32
		{F30453A9-A6A5-43AB-A1AF-DABC6B65F785}.DebugGame|Win32.ActiveCfg = DebugGame_Game|Win32
		{F30453A9-A6A5-43AB-A1AF-DABC6B65F785}.DebugGame|Win32.Build.0 = DebugGame_Game|Win32
		{F30453A9-A6A5-43AB-A1AF-DABC6B65F785}.DebugGame|Win64.ActiveCfg = DebugGame_Game|x64
		{F30453A9-A6A5-43AB-A1AF-DABC6B65F785}.DebugGame|Win64.Build.0 = DebugGame_Game|x64
		{F30453A9-A6A5-43AB-A1AF-DABC6B65F785}.Development Editor|HTML5.ActiveCfg = HTML5_Development_Editor|Win32
		{F30453A9-A6A5-43AB-A1AF-DABC6B65F785}.Development Editor|Win32.ActiveCfg = Development_Editor|Win32
		{F30453A9-A6A5-43AB-A1AF-DABC6B65F785}.Development Editor|Win64.ActiveCfg = Development_Editor|x64
		{F30453A9-A6A5-43AB-A1AF-DABC6B65F785}.Development Editor|Win64.Build.0 = Development_Editor|x64
		{F30453A9-A6A5-43AB-A1AF-DABC6B65F785}.Development|HTML5.ActiveCfg = HTML5_Development_Game|Win32
		{F30453A9-A6A5-43AB-A1AF-DABC6B65F785}.Development|HTML5.Build.0 = HTML5_Development_Game|Win32
		{F30453A9-A6A5-43AB-A1AF-DABC6B65F785}.Development|Win32.ActiveCfg = Development_Game|Win32
		{F30453A9-A6A5-43AB-A1AF-DABC6B65F785}.Development|Win32.Build.0 = Development_Game|Win32
		{F30453A9-A6A5-43AB-A1AF-DABC6B65F785}.Development|Win64.ActiveCfg = Development_Game|x64
		{F30453A9-A6A5-43AB-A1AF-DABC6B65F785}.Development|Win64.Build.0 = Development_Game|x64
		{F30453A9-A6A5-43AB-A1AF-DABC6B65F785}.Shipping|HTML5.ActiveCfg = HTML5_Shipping_Game|Win32
		{F30453A9-A6A5-43AB-A1AF-DABC6B65F785}.Shipping|HTML5.Build.0 = HTML5_Shipping_Game|Win32
		{F30453A9-A6A5-43AB-A1AF-DABC6B65F785}.Shipping|Win32.ActiveCfg = Shipping_Game|Win32
		{F30453A9-A6A5-43AB-A1AF-DABC6B65F785}.Shipping|Win32.Build.0 = Shipping_Game|Win32
		{F30453A9-A6A5-43AB-A1AF-DABC6B65F785}.Shipping|Win64.ActiveCfg = Shipping_Game|x64
		{F30453A9-A6A5-43AB-A1AF-DABC6B65F785}.Shipping|Win64.Build.0 = Shipping_Game|x64
	EndGlobalSection
	GlobalSection(SolutionProperties) = preSolution
		HideSolutionNode = FALSE
	EndGlobalSection
	GlobalSection(NestedProjects) = preSolution
		{EA75FFB7-F3FF-4C93-8B27-F71CE72C21FC} = {AFB0942F-1845-4F5F-8AA0-D1A20D03C77E}
		{F30453A9-A6A5-43AB-A1AF-DABC6B65F785} = {35EAFEB3-9EB3-4FB4-81A9-305A5D9A8563}
	EndGlobalSection
	GlobalSection(ExtensibilityGlobals) = postSolution
		SolutionGuid = {5B207788-9C15-4B9A-9D0D-A1158C9ADE75}
	EndGlobalSection
EndGlobal
